
Microsoft Visual Studio Solution File, Format Version 12.00
# Visual Studio Version 17
VisualStudioVersion = 17.13.35931.197
MinimumVisualStudioVersion = 10.0.40219.1
Project("{FAE04EC0-301F-11D3-BF4B-00C04F79EFBC}") = "ImportWizard.WebApi", "ImportWizard\ImportWizard.WebApi.csproj", "{171285EC-CF9C-4912-994B-00E3414F97CE}"
EndProject
Project("{FAE04EC0-301F-11D3-BF4B-00C04F79EFBC}") = "ImportWizard.Services", "ImportWizard.Services\ImportWizard.Services.csproj", "{92D5635C-E9E5-4FE1-AF8F-122DFA46027D}"
EndProject
Project("{FAE04EC0-301F-11D3-BF4B-00C04F79EFBC}") = "ImportWizard.Repositories", "ImportWizard.Repositories\ImportWizard.Repositories.csproj", "{E3EAA1A7-A585-43FE-B6B8-A35B8D6F4228}"
EndProject
Project("{FAE04EC0-301F-11D3-BF4B-00C04F79EFBC}") = "ImportWizard.Dtos", "ImportWizard.Dtos\ImportWizard.Dtos.csproj", "{930AEB3F-82B4-43A9-B8E5-C77AAD6885ED}"
EndProject
Project("{FAE04EC0-301F-11D3-BF4B-00C04F79EFBC}") = "ImportWizard.Data", "ImportWizard.Data\ImportWizard.Data.csproj", "{3C5A855C-8E65-47B5-A9C1-5C05A64724A7}"
EndProject
Global
	GlobalSection(SolutionConfigurationPlatforms) = preSolution
		Debug|Any CPU = Debug|Any CPU
		Release|Any CPU = Release|Any CPU
	EndGlobalSection
	GlobalSection(ProjectConfigurationPlatforms) = postSolution
		{171285EC-CF9C-4912-994B-00E3414F97CE}.Debug|Any CPU.ActiveCfg = Debug|Any CPU
		{171285EC-CF9C-4912-994B-00E3414F97CE}.Debug|Any CPU.Build.0 = Debug|Any CPU
		{171285EC-CF9C-4912-994B-00E3414F97CE}.Release|Any CPU.ActiveCfg = Release|Any CPU
		{171285EC-CF9C-4912-994B-00E3414F97CE}.Release|Any CPU.Build.0 = Release|Any CPU
		{92D5635C-E9E5-4FE1-AF8F-122DFA46027D}.Debug|Any CPU.ActiveCfg = Debug|Any CPU
		{92D5635C-E9E5-4FE1-AF8F-122DFA46027D}.Debug|Any CPU.Build.0 = Debug|Any CPU
		{92D5635C-E9E5-4FE1-AF8F-122DFA46027D}.Release|Any CPU.ActiveCfg = Release|Any CPU
		{92D5635C-E9E5-4FE1-AF8F-122DFA46027D}.Release|Any CPU.Build.0 = Release|Any CPU
		{E3EAA1A7-A585-43FE-B6B8-A35B8D6F4228}.Debug|Any CPU.ActiveCfg = Debug|Any CPU
		{E3EAA1A7-A585-43FE-B6B8-A35B8D6F4228}.Debug|Any CPU.Build.0 = Debug|Any CPU
		{E3EAA1A7-A585-43FE-B6B8-A35B8D6F4228}.Release|Any CPU.ActiveCfg = Release|Any CPU
		{E3EAA1A7-A585-43FE-B6B8-A35B8D6F4228}.Release|Any CPU.Build.0 = Release|Any CPU
		{930AEB3F-82B4-43A9-B8E5-C77AAD6885ED}.Debug|Any CPU.ActiveCfg = Debug|Any CPU
		{930AEB3F-82B4-43A9-B8E5-C77AAD6885ED}.Debug|Any CPU.Build.0 = Debug|Any CPU
		{930AEB3F-82B4-43A9-B8E5-C77AAD6885ED}.Release|Any CPU.ActiveCfg = Release|Any CPU
		{930AEB3F-82B4-43A9-B8E5-C77AAD6885ED}.Release|Any CPU.Build.0 = Release|Any CPU
		{3C5A855C-8E65-47B5-A9C1-5C05A64724A7}.Debug|Any CPU.ActiveCfg = Debug|Any CPU
		{3C5A855C-8E65-47B5-A9C1-5C05A64724A7}.Debug|Any CPU.Build.0 = Debug|Any CPU
		{3C5A855C-8E65-47B5-A9C1-5C05A64724A7}.Release|Any CPU.ActiveCfg = Release|Any CPU
		{3C5A855C-8E65-47B5-A9C1-5C05A64724A7}.Release|Any CPU.Build.0 = Release|Any CPU
	EndGlobalSection
	GlobalSection(SolutionProperties) = preSolution
		HideSolutionNode = FALSE
	EndGlobalSection
	GlobalSection(ExtensibilityGlobals) = postSolution
		SolutionGuid = {293B4B9B-89D0-4F58-9183-991EB69172EB}
	EndGlobalSection
EndGlobal
